
Microsoft Visual Studio Solution File, Format Version 12.00
# Visual Studio Version 17
VisualStudioVersion = 17.14.36127.28
MinimumVisualStudioVersion = 10.0.40219.1
Project("{FAE04EC0-301F-11D3-BF4B-00C04F79EFBC}") = "CRUD.Application", "CRUD.Application\CRUD.Application.csproj", "{D18CDCE8-CC55-4ABD-8C0D-A76390D454BA}"
EndProject
Project("{FAE04EC0-301F-11D3-BF4B-00C04F79EFBC}") = "CRUD.Domain", "CRUD.Domain\CRUD.Domain.csproj", "{71D272B7-68D5-4E48-A6AE-9F18FFA3FF81}"
EndProject
Project("{FAE04EC0-301F-11D3-BF4B-00C04F79EFBC}") = "CRUD.Shared", "CRUD.Shared\CRUD.Shared.csproj", "{C11973F2-DBF2-4850-AAF7-6A73AACF9D0E}"
EndProject
Project("{FAE04EC0-301F-11D3-BF4B-00C04F79EFBC}") = "CRUD.Infrastructure", "CRUD.Infrastructure\CRUD.Infrastructure.csproj", "{8278FF7B-1BDE-4CE3-A011-5D4DF4D47A4E}"
EndProject
Project("{FAE04EC0-301F-11D3-BF4B-00C04F79EFBC}") = "CRUD.Api", "CRUD.Api\CRUD.Api.csproj", "{4CF3A723-AC8D-A32A-723B-9E50E96E79F1}"
EndProject
Project("{54A90642-561A-4BB1-A94E-469ADEE60C69}") = "CRUD.Front", "CRUD.Front\CRUD.Front.esproj", "{DFC69693-15E5-CF4A-1A87-B8C0CF4B0B28}"
EndProject
Global
	GlobalSection(SolutionConfigurationPlatforms) = preSolution
		Debug|Any CPU = Debug|Any CPU
		Release|Any CPU = Release|Any CPU
	EndGlobalSection
	GlobalSection(ProjectConfigurationPlatforms) = postSolution
		{D18CDCE8-CC55-4ABD-8C0D-A76390D454BA}.Debug|Any CPU.ActiveCfg = Debug|Any CPU
		{D18CDCE8-CC55-4ABD-8C0D-A76390D454BA}.Debug|Any CPU.Build.0 = Debug|Any CPU
		{D18CDCE8-CC55-4ABD-8C0D-A76390D454BA}.Release|Any CPU.ActiveCfg = Release|Any CPU
		{D18CDCE8-CC55-4ABD-8C0D-A76390D454BA}.Release|Any CPU.Build.0 = Release|Any CPU
		{71D272B7-68D5-4E48-A6AE-9F18FFA3FF81}.Debug|Any CPU.ActiveCfg = Debug|Any CPU
		{71D272B7-68D5-4E48-A6AE-9F18FFA3FF81}.Debug|Any CPU.Build.0 = Debug|Any CPU
		{71D272B7-68D5-4E48-A6AE-9F18FFA3FF81}.Release|Any CPU.ActiveCfg = Release|Any CPU
		{71D272B7-68D5-4E48-A6AE-9F18FFA3FF81}.Release|Any CPU.Build.0 = Release|Any CPU
		{C11973F2-DBF2-4850-AAF7-6A73AACF9D0E}.Debug|Any CPU.ActiveCfg = Debug|Any CPU
		{C11973F2-DBF2-4850-AAF7-6A73AACF9D0E}.Debug|Any CPU.Build.0 = Debug|Any CPU
		{C11973F2-DBF2-4850-AAF7-6A73AACF9D0E}.Release|Any CPU.ActiveCfg = Release|Any CPU
		{C11973F2-DBF2-4850-AAF7-6A73AACF9D0E}.Release|Any CPU.Build.0 = Release|Any CPU
		{8278FF7B-1BDE-4CE3-A011-5D4DF4D47A4E}.Debug|Any CPU.ActiveCfg = Debug|Any CPU
		{8278FF7B-1BDE-4CE3-A011-5D4DF4D47A4E}.Debug|Any CPU.Build.0 = Debug|Any CPU
		{8278FF7B-1BDE-4CE3-A011-5D4DF4D47A4E}.Release|Any CPU.ActiveCfg = Release|Any CPU
		{8278FF7B-1BDE-4CE3-A011-5D4DF4D47A4E}.Release|Any CPU.Build.0 = Release|Any CPU
		{4CF3A723-AC8D-A32A-723B-9E50E96E79F1}.Debug|Any CPU.ActiveCfg = Debug|Any CPU
		{4CF3A723-AC8D-A32A-723B-9E50E96E79F1}.Debug|Any CPU.Build.0 = Debug|Any CPU
		{4CF3A723-AC8D-A32A-723B-9E50E96E79F1}.Release|Any CPU.ActiveCfg = Release|Any CPU
		{4CF3A723-AC8D-A32A-723B-9E50E96E79F1}.Release|Any CPU.Build.0 = Release|Any CPU
		{DFC69693-15E5-CF4A-1A87-B8C0CF4B0B28}.Debug|Any CPU.ActiveCfg = Debug|Any CPU
		{DFC69693-15E5-CF4A-1A87-B8C0CF4B0B28}.Debug|Any CPU.Build.0 = Debug|Any CPU
		{DFC69693-15E5-CF4A-1A87-B8C0CF4B0B28}.Debug|Any CPU.Deploy.0 = Debug|Any CPU
		{DFC69693-15E5-CF4A-1A87-B8C0CF4B0B28}.Release|Any CPU.ActiveCfg = Release|Any CPU
		{DFC69693-15E5-CF4A-1A87-B8C0CF4B0B28}.Release|Any CPU.Build.0 = Release|Any CPU
		{DFC69693-15E5-CF4A-1A87-B8C0CF4B0B28}.Release|Any CPU.Deploy.0 = Release|Any CPU
	EndGlobalSection
	GlobalSection(SolutionProperties) = preSolution
		HideSolutionNode = FALSE
	EndGlobalSection
	GlobalSection(ExtensibilityGlobals) = postSolution
		SolutionGuid = {B801C388-834C-440F-A289-F38DE33E9E04}
	EndGlobalSection
EndGlobal
